// !$*UTF8*$!
{
	archiveVersion = 1;
	classes = {
	};
	objectVersion = 46;
	objects = {

/* Begin PBXFileReference section */
		085836731B3D697B00A495B3 /* Main.java */ = {isa = PBXFileReference; lastKnownFileType = sourcecode.java; path = Main.java; sourceTree = "<group>"; };
		085836751B3D6B2000A495B3 /* Numb.java */ = {isa = PBXFileReference; lastKnownFileType = sourcecode.java; path = Numb.java; sourceTree = "<group>"; };
		085836761B3D6CFF00A495B3 /* Colecao.java */ = {isa = PBXFileReference; lastKnownFileType = sourcecode.java; path = Colecao.java; sourceTree = "<group>"; };
/* End PBXFileReference section */

/* Begin PBXGroup section */
		0858366C1B3D694D00A495B3 = {
			isa = PBXGroup;
			children = (
				085836751B3D6B2000A495B3 /* Numb.java */,
				085836761B3D6CFF00A495B3 /* Colecao.java */,
				085836731B3D697B00A495B3 /* Main.java */,
			);
			sourceTree = "<group>";
		};
/* End PBXGroup section */

/* Begin PBXProject section */
		0858366D1B3D694D00A495B3 /* Project object */ = {
			isa = PBXProject;
			attributes = {
				LastUpgradeCheck = 0510;
			};
			buildConfigurationList = 085836701B3D694D00A495B3 /* Build configuration list for PBXProject "MenoresInfratores" */;
			compatibilityVersion = "Xcode 3.2";
			developmentRegion = English;
			hasScannedForEncodings = 0;
			knownRegions = (
				en,
			);
			mainGroup = 0858366C1B3D694D00A495B3;
			projectDirPath = "";
			projectRoot = "";
			targets = (
			);
		};
/* End PBXProject section */

/* Begin XCBuildConfiguration section */
		085836711B3D694D00A495B3 /* Debug */ = {
			isa = XCBuildConfiguration;
			buildSettings = {
			};
			name = Debug;
		};
		085836721B3D694D00A495B3 /* Release */ = {
			isa = XCBuildConfiguration;
			buildSettings = {
			};
			name = Release;
		};
/* End XCBuildConfiguration section */

/* Begin XCConfigurationList section */
		085836701B3D694D00A495B3 /* Build configuration list for PBXProject "MenoresInfratores" */ = {
			isa = XCConfigurationList;
			buildConfigurations = (
				085836711B3D694D00A495B3 /* Debug */,
				085836721B3D694D00A495B3 /* Release */,
			);
			defaultConfigurationIsVisible = 0;
			defaultConfigurationName = Release;
		};
/* End XCConfigurationList section */
	};
	rootObject = 0858366D1B3D694D00A495B3 /* Project object */;
}
